{
  "projects": [
    {
      "projectId": "YUiM7yqBWAqsh8KSnrdj7",
      "version": "0.27.0",
      "dependencies": {},
      "lang": "ts",
      "fileLocks": [
        {
          "assetId": "YUiM7yqBWAqsh8KSnrdj7",
          "type": "projectCss",
          "checksum": "dac72600b04b6e6a3014e82512a15fe1"
        }
      ],
      "codegenVersion": "0.0.1"
    },
    {
      "projectId": "caTPwKxj5ZrD9LQ7DMdK4Z",
      "version": "3.34.0",
      "dependencies": {},
      "lang": "ts",
      "fileLocks": [
        {
          "assetId": "caTPwKxj5ZrD9LQ7DMdK4Z",
          "type": "projectCss",
          "checksum": "e1ec850476829c38b0f9b6d4f7ac446a"
        }
      ],
      "codegenVersion": "0.0.1"
    },
    {
      "projectId": "oBJtsp5RgVpcN6KCrDTuQT",
      "version": "0.1.0",
      "dependencies": {},
      "lang": "ts",
      "fileLocks": [
        {
          "type": "globalVariant",
          "assetId": "BR2UhI7ulpvR",
          "checksum": "ce48a9445a7a344c02090d9940947f46"
        },
        {
          "assetId": "oBJtsp5RgVpcN6KCrDTuQT",
          "type": "projectCss",
          "checksum": "c1c4e2808e07c97cfeb13d9cc075734c"
        },
        {
          "type": "icon",
          "assetId": "rDjUqSUK3eUM",
          "checksum": "a2a89126e9d4f94588ec08b80e2c8776"
        },
        {
          "type": "icon",
          "assetId": "r9Upp9NbiZkf",
          "checksum": "9d7ea21cac7322ef537972a599933b4b"
        },
        {
          "type": "icon",
          "assetId": "GHdF3hS-oP_3",
          "checksum": "02d3dfd561a8ed207de1008227b92020"
        },
        {
          "type": "icon",
          "assetId": "YXreB8gS3SjV",
          "checksum": "db4f070d03de3f905832203c543bcf6e"
        },
        {
          "type": "icon",
          "assetId": "aC_QFogxt1Ko",
          "checksum": "6e77d7eb5046aa0048f78c884358c59e"
        },
        {
          "type": "image",
          "assetId": "ijbf5URccsnE",
          "checksum": "871858b983feb6fdf32268fce7608bc6"
        }
      ],
      "codegenVersion": "0.0.1"
    },
    {
      "projectId": "sqPBLwEBBKHA2WDuGb17eV",
      "version": "0.9.0",
      "dependencies": {},
      "lang": "ts",
      "fileLocks": [
        {
          "assetId": "sqPBLwEBBKHA2WDuGb17eV",
          "type": "projectCss",
          "checksum": "e1ec850476829c38b0f9b6d4f7ac446a"
        },
        {
          "type": "renderModule",
          "assetId": "5nirPCGmCnRD",
          "checksum": "44e0ca00c8b227b2e1924349ac31a552"
        },
        {
          "type": "cssRules",
          "assetId": "5nirPCGmCnRD",
          "checksum": "44e0ca00c8b227b2e1924349ac31a552"
        },
        {
          "type": "icon",
          "assetId": "Wyt3GMMsLefj",
          "checksum": "d8c88f04735c43b3f7790b0889d20e0c"
        },
        {
          "type": "icon",
          "assetId": "MbDRsJU0e3bw",
          "checksum": "92672aa6935120ebaac11939d8d127bb"
        }
      ],
      "codegenVersion": "0.0.1"
    },
    {
      "projectId": "h9Dbk9ygddw7UVEq1NNhKi",
      "version": "0.2.1",
      "dependencies": {},
      "lang": "ts",
      "fileLocks": [
        {
          "type": "globalVariant",
          "assetId": "QmLtHiTXdNxv",
          "checksum": "f5a354b0d77bf94780630337f9a43aa2"
        },
        {
          "assetId": "h9Dbk9ygddw7UVEq1NNhKi",
          "type": "projectCss",
          "checksum": "8c2b7d7145d4956e83843377a070c433"
        },
        {
          "type": "renderModule",
          "assetId": "Rg8wZ0CpGCye",
          "checksum": "d609e79a5e6ed974001a3b8cf9d50c80"
        },
        {
          "type": "cssRules",
          "assetId": "Rg8wZ0CpGCye",
          "checksum": "d609e79a5e6ed974001a3b8cf9d50c80"
        }
      ],
      "codegenVersion": "0.0.1"
    },
    {
      "projectId": "k6BnBuAUepzRX8Qs2WvkKs",
      "version": "0.3.0",
      "dependencies": {},
      "lang": "ts",
      "fileLocks": [
        {
          "assetId": "k6BnBuAUepzRX8Qs2WvkKs",
          "type": "projectCss",
          "checksum": "e1ec850476829c38b0f9b6d4f7ac446a"
        }
      ],
      "codegenVersion": "0.0.1"
    },
    {
      "projectId": "baKTW3UAa7cxh71yA6NuMk",
      "version": "0.1.1",
      "dependencies": {
        "h9Dbk9ygddw7UVEq1NNhKi": "0.2.1",
        "sqPBLwEBBKHA2WDuGb17eV": "0.9.0",
        "oBJtsp5RgVpcN6KCrDTuQT": "0.1.0",
        "caTPwKxj5ZrD9LQ7DMdK4Z": "3.34.0",
        "YUiM7yqBWAqsh8KSnrdj7": "0.27.0"
      },
      "lang": "ts",
      "fileLocks": [
        {
          "type": "globalVariant",
          "assetId": "oN08SNj4WMKW",
          "checksum": "424b46a12cb12654c3b31dc4542f4de1"
        },
        {
          "assetId": "baKTW3UAa7cxh71yA6NuMk",
          "type": "projectCss",
          "checksum": "4cbdb34990f7b29d5c70a2d5b20efafc"
        },
        {
          "type": "renderModule",
          "assetId": "TvLiAjgrI0Pc",
          "checksum": "6592ec85f4416bada9957968eda6c915"
        },
        {
          "type": "cssRules",
          "assetId": "TvLiAjgrI0Pc",
          "checksum": "6592ec85f4416bada9957968eda6c915"
        }
      ],
      "codegenVersion": "0.0.1"
    },
    {
      "projectId": "vJdoMCywiTRegdd4X7KNws",
      "version": "latest",
      "dependencies": {
        "baKTW3UAa7cxh71yA6NuMk": "0.1.1",
        "sqPBLwEBBKHA2WDuGb17eV": "0.9.0",
        "k6BnBuAUepzRX8Qs2WvkKs": "0.3.0",
        "caTPwKxj5ZrD9LQ7DMdK4Z": "3.34.0",
        "YUiM7yqBWAqsh8KSnrdj7": "0.27.0"
      },
      "lang": "ts",
      "fileLocks": [
        {
          "type": "globalVariant",
          "assetId": "4VFPu4w4qjYU",
          "checksum": "8958cdc467d6c05dcf62dba6c755eec6"
        },
        {
          "assetId": "vJdoMCywiTRegdd4X7KNws",
          "type": "projectCss",
          "checksum": "c94ac04983897e399752d482aa2aa7e5"
        },
        {
          "type": "icon",
          "assetId": "PvTY4VilFCWt",
          "checksum": "b178ed510cc6c7752eedf8f498db3d73"
        },
        {
          "type": "icon",
          "assetId": "xC9tZsuYNEUn",
          "checksum": "aad80e0d8320862795804306e22fdca1"
        },
        {
          "type": "image",
          "assetId": "lmY_1h0TxIV1",
          "checksum": "3da60c5db888c125a637ed191aec7cd4"
        }
      ],
      "codegenVersion": "0.0.1"
    }
  ],
  "cliVersion": "0.1.327"
}
